
Microsoft Visual Studio Solution File, Format Version 12.00
# Visual Studio Version 17
VisualStudioVersion = 17.5.33502.453
MinimumVisualStudioVersion = 10.0.40219.1
Project("{FAE04EC0-301F-11D3-BF4B-00C04F79EFBC}") = "CheckConflicts", "CheckConflicts.csproj", "{CDD40970-2A1F-45E1-AB52-C3B154B21502}"
EndProject
Global
	GlobalSection(SolutionConfigurationPlatforms) = preSolution
		Debug|Any CPU = Debug|Any CPU
		Release|Any CPU = Release|Any CPU
	EndGlobalSection
	GlobalSection(ProjectConfigurationPlatforms) = postSolution
		{CDD40970-2A1F-45E1-AB52-C3B154B21502}.Debug|Any CPU.ActiveCfg = Debug|Any CPU
		{CDD40970-2A1F-45E1-AB52-C3B154B21502}.Debug|Any CPU.Build.0 = Debug|Any CPU
		{CDD40970-2A1F-45E1-AB52-C3B154B21502}.Release|Any CPU.ActiveCfg = Release|Any CPU
		{CDD40970-2A1F-45E1-AB52-C3B154B21502}.Release|Any CPU.Build.0 = Release|Any CPU
	EndGlobalSection
	GlobalSection(SolutionProperties) = preSolution
		HideSolutionNode = FALSE
	EndGlobalSection
	GlobalSection(ExtensibilityGlobals) = postSolution
		SolutionGuid = {B235BA52-0B76-4159-BA73-4EFF90F38FFE}
	EndGlobalSection
EndGlobal
